{
  "version": 4,
  "terraform_version": "1.11.4",
  "serial": 28,
  "lineage": "fa859e55-615a-c773-5c9f-9b242372261f",
  "outputs": {
    "container_registry_login_server": {
      "value": "myacrregistry63737.azurecr.io",
      "type": "string"
    },
    "web_app_url_java": {
      "value": "https://mon-app-java-63737.azurewebsites.net/proxy",
      "type": "string"
    },
    "web_app_url_python": {
      "value": "https://mon-app-python-63737.azurewebsites.net/api/message",
      "type": "string"
    }
  },
  "resources": [
    {
      "mode": "managed",
      "type": "azurerm_container_registry",
      "name": "acr",
      "provider": "provider[\"registry.terraform.io/hashicorp/azurerm\"]",
      "instances": [
        {
          "schema_version": 2,
          "attributes": {
            "admin_enabled": true,
            "admin_password": "uSU94BypZYD7G/8XxAkJXz3X0asPJ5/mOPzaxrDhQZ+ACRCWSPPm",
            "admin_username": "myacrregistry63737",
            "anonymous_pull_enabled": false,
            "data_endpoint_enabled": false,
            "encryption": [],
            "export_policy_enabled": true,
            "georeplications": [],
            "id": "/subscriptions/fcb4f99a-310c-43e0-b2a8-ef1ab39df3a5/resourceGroups/rg-microservices-app/providers/Microsoft.ContainerRegistry/registries/myacrregistry63737",
            "identity": [],
            "location": "westeurope",
            "login_server": "myacrregistry63737.azurecr.io",
            "name": "myacrregistry63737",
            "network_rule_bypass_option": "AzureServices",
            "network_rule_set": [],
            "public_network_access_enabled": true,
            "quarantine_policy_enabled": false,
            "resource_group_name": "rg-microservices-app",
            "retention_policy_in_days": 0,
            "sku": "Basic",
            "tags": {},
            "timeouts": null,
            "trust_policy_enabled": false,
            "zone_redundancy_enabled": false
          },
          "sensitive_attributes": [
            [
              {
                "type": "get_attr",
                "value": "admin_password"
              }
            ]
          ],
          "private": "eyJlMmJmYjczMC1lY2FhLTExZTYtOGY4OC0zNDM2M2JjN2M0YzAiOnsiY3JlYXRlIjoxODAwMDAwMDAwMDAwLCJkZWxldGUiOjE4MDAwMDAwMDAwMDAsInJlYWQiOjMwMDAwMDAwMDAwMCwidXBkYXRlIjoxODAwMDAwMDAwMDAwfSwic2NoZW1hX3ZlcnNpb24iOiIyIn0=",
          "dependencies": [
            "azurerm_resource_group.rg"
          ]
        }
      ]
    },
    {
      "mode": "managed",
      "type": "azurerm_linux_web_app",
      "name": "app-java",
      "provider": "provider[\"registry.terraform.io/hashicorp/azurerm\"]",
      "instances": [
        {
          "schema_version": 1,
          "attributes": {
            "app_settings": {
              "FLASK_URL": "https://mon-app-python-63737.azurewebsites.net",
              "WEBSITES_PORT": "8080"
            },
            "auth_settings": [],
            "auth_settings_v2": [],
            "backup": [],
            "client_affinity_enabled": false,
            "client_certificate_enabled": false,
            "client_certificate_exclusion_paths": "",
            "client_certificate_mode": "Required",
            "connection_string": [],
            "custom_domain_verification_id": "87EBD10CB1D4712B50052A9247E066916FE3E219A0DFB26C90D5D06B7935465E",
            "default_hostname": "mon-app-java-63737.azurewebsites.net",
            "enabled": true,
            "ftp_publish_basic_authentication_enabled": true,
            "hosting_environment_id": "",
            "https_only": false,
            "id": "/subscriptions/fcb4f99a-310c-43e0-b2a8-ef1ab39df3a5/resourceGroups/rg-microservices-app/providers/Microsoft.Web/sites/mon-app-java-63737",
            "identity": [
              {
                "identity_ids": [
                  "/subscriptions/fcb4f99a-310c-43e0-b2a8-ef1ab39df3a5/resourceGroups/rg-microservices-app/providers/Microsoft.ManagedIdentity/userAssignedIdentities/container-app-identity"
                ],
                "principal_id": "",
                "tenant_id": "",
                "type": "UserAssigned"
              }
            ],
            "key_vault_reference_identity_id": "SystemAssigned",
            "kind": "app,linux,container",
            "location": "westeurope",
            "logs": [],
            "name": "mon-app-java-63737",
            "outbound_ip_address_list": [
              "98.64.209.158",
              "98.64.209.190",
              "98.64.210.11",
              "98.64.210.43",
              "98.64.210.55",
              "98.64.210.81",
              "108.141.37.13",
              "108.141.37.163",
              "108.141.39.78",
              "108.141.38.44",
              "108.141.38.45",
              "108.141.38.47",
              "20.105.216.47"
            ],
            "outbound_ip_addresses": "98.64.209.158,98.64.209.190,98.64.210.11,98.64.210.43,98.64.210.55,98.64.210.81,108.141.37.13,108.141.37.163,108.141.39.78,108.141.38.44,108.141.38.45,108.141.38.47,20.105.216.47",
            "possible_outbound_ip_address_list": [
              "98.64.209.158",
              "98.64.209.190",
              "98.64.210.11",
              "98.64.210.43",
              "98.64.210.55",
              "98.64.210.81",
              "108.141.37.13",
              "108.141.37.163",
              "108.141.39.78",
              "108.141.38.44",
              "108.141.38.45",
              "108.141.38.47",
              "108.141.38.48",
              "108.141.204.89",
              "20.67.0.226",
              "20.67.1.42",
              "20.67.1.115",
              "98.64.209.61",
              "98.64.209.65",
              "98.64.209.67",
              "98.64.209.77",
              "98.64.209.101",
              "98.64.209.108",
              "98.64.209.132",
              "98.64.210.97",
              "98.64.210.104",
              "98.64.210.187",
              "98.64.210.194",
              "98.64.210.216",
              "98.64.210.238",
              "20.105.216.47"
            ],
            "possible_outbound_ip_addresses": "98.64.209.158,98.64.209.190,98.64.210.11,98.64.210.43,98.64.210.55,98.64.210.81,108.141.37.13,108.141.37.163,108.141.39.78,108.141.38.44,108.141.38.45,108.141.38.47,108.141.38.48,108.141.204.89,20.67.0.226,20.67.1.42,20.67.1.115,98.64.209.61,98.64.209.65,98.64.209.67,98.64.209.77,98.64.209.101,98.64.209.108,98.64.209.132,98.64.210.97,98.64.210.104,98.64.210.187,98.64.210.194,98.64.210.216,98.64.210.238,20.105.216.47",
            "public_network_access_enabled": true,
            "resource_group_name": "rg-microservices-app",
            "service_plan_id": "/subscriptions/fcb4f99a-310c-43e0-b2a8-ef1ab39df3a5/resourceGroups/rg-microservices-app/providers/Microsoft.Web/serverFarms/appserviceplan",
            "site_config": [
              {
                "always_on": true,
                "api_definition_url": "",
                "api_management_api_id": "",
                "app_command_line": "",
                "application_stack": [
                  {
                    "docker_image_name": "java-service:latest",
                    "docker_registry_password": "",
                    "docker_registry_url": "https://myacrregistry63737.azurecr.io",
                    "docker_registry_username": "",
                    "dotnet_version": "",
                    "go_version": "",
                    "java_server": "",
                    "java_server_version": "",
                    "java_version": "",
                    "node_version": "",
                    "php_version": "",
                    "python_version": "",
                    "ruby_version": ""
                  }
                ],
                "auto_heal_setting": [],
                "container_registry_managed_identity_client_id": "aa51c37f-4b3a-4cde-bbd1-e773a2ad34a3",
                "container_registry_use_managed_identity": true,
                "cors": [],
                "default_documents": [
                  "Default.htm",
                  "Default.html",
                  "Default.asp",
                  "index.htm",
                  "index.html",
                  "iisstart.htm",
                  "default.aspx",
                  "index.php",
                  "hostingstart.html"
                ],
                "detailed_error_logging_enabled": false,
                "ftps_state": "Disabled",
                "health_check_eviction_time_in_min": 0,
                "health_check_path": "",
                "http2_enabled": false,
                "ip_restriction": [],
                "ip_restriction_default_action": "Allow",
                "linux_fx_version": "DOCKER|myacrregistry63737.azurecr.io/java-service:latest",
                "load_balancing_mode": "LeastRequests",
                "local_mysql_enabled": false,
                "managed_pipeline_mode": "Integrated",
                "minimum_tls_version": "1.2",
                "remote_debugging_enabled": false,
                "remote_debugging_version": "VS2022",
                "scm_ip_restriction": [],
                "scm_ip_restriction_default_action": "Allow",
                "scm_minimum_tls_version": "1.2",
                "scm_type": "None",
                "scm_use_main_ip_restriction": false,
                "use_32_bit_worker": true,
                "vnet_route_all_enabled": false,
                "websockets_enabled": false,
                "worker_count": 1
              }
            ],
            "site_credential": [
              {
                "name": "$mon-app-java-63737",
                "password": "vxbNicuMa19Xd22o77Tswp0J3vNpnHetuEQc982kZktv4uF4YFLDH4zqwSn9"
              }
            ],
            "sticky_settings": [],
            "storage_account": [],
            "tags": {},
            "timeouts": null,
            "virtual_network_backup_restore_enabled": false,
            "virtual_network_subnet_id": "",
            "webdeploy_publish_basic_authentication_enabled": true,
            "zip_deploy_file": ""
          },
          "sensitive_attributes": [
            [
              {
                "type": "get_attr",
                "value": "site_config"
              },
              {
                "type": "index",
                "value": {
                  "value": 0,
                  "type": "number"
                }
              },
              {
                "type": "get_attr",
                "value": "application_stack"
              },
              {
                "type": "index",
                "value": {
                  "value": 0,
                  "type": "number"
                }
              },
              {
                "type": "get_attr",
                "value": "docker_registry_password"
              }
            ],
            [
              {
                "type": "get_attr",
                "value": "custom_domain_verification_id"
              }
            ],
            [
              {
                "type": "get_attr",
                "value": "site_credential"
              }
            ]
          ],
          "private": "eyJlMmJmYjczMC1lY2FhLTExZTYtOGY4OC0zNDM2M2JjN2M0YzAiOnsiY3JlYXRlIjoxODAwMDAwMDAwMDAwLCJkZWxldGUiOjE4MDAwMDAwMDAwMDAsInJlYWQiOjMwMDAwMDAwMDAwMCwidXBkYXRlIjoxODAwMDAwMDAwMDAwfSwic2NoZW1hX3ZlcnNpb24iOiIxIn0=",
          "dependencies": [
            "azurerm_container_registry.acr",
            "azurerm_linux_web_app.app-python",
            "azurerm_resource_group.rg",
            "azurerm_service_plan.app_service_plan",
            "azurerm_user_assigned_identity.identity"
          ]
        }
      ]
    },
    {
      "mode": "managed",
      "type": "azurerm_linux_web_app",
      "name": "app-python",
      "provider": "provider[\"registry.terraform.io/hashicorp/azurerm\"]",
      "instances": [
        {
          "schema_version": 1,
          "attributes": {
            "app_settings": {
              "WEBSITES_PORT": "5000"
            },
            "auth_settings": [],
            "auth_settings_v2": [],
            "backup": [],
            "client_affinity_enabled": false,
            "client_certificate_enabled": false,
            "client_certificate_exclusion_paths": "",
            "client_certificate_mode": "Required",
            "connection_string": [],
            "custom_domain_verification_id": "87EBD10CB1D4712B50052A9247E066916FE3E219A0DFB26C90D5D06B7935465E",
            "default_hostname": "mon-app-python-63737.azurewebsites.net",
            "enabled": true,
            "ftp_publish_basic_authentication_enabled": true,
            "hosting_environment_id": "",
            "https_only": false,
            "id": "/subscriptions/fcb4f99a-310c-43e0-b2a8-ef1ab39df3a5/resourceGroups/rg-microservices-app/providers/Microsoft.Web/sites/mon-app-python-63737",
            "identity": [
              {
                "identity_ids": [
                  "/subscriptions/fcb4f99a-310c-43e0-b2a8-ef1ab39df3a5/resourceGroups/rg-microservices-app/providers/Microsoft.ManagedIdentity/userAssignedIdentities/container-app-identity"
                ],
                "principal_id": "",
                "tenant_id": "",
                "type": "UserAssigned"
              }
            ],
            "key_vault_reference_identity_id": "SystemAssigned",
            "kind": "app,linux,container",
            "location": "westeurope",
            "logs": [],
            "name": "mon-app-python-63737",
            "outbound_ip_address_list": [
              "98.64.209.158",
              "98.64.209.190",
              "98.64.210.11",
              "98.64.210.43",
              "98.64.210.55",
              "98.64.210.81",
              "108.141.37.13",
              "108.141.37.163",
              "108.141.39.78",
              "108.141.38.44",
              "108.141.38.45",
              "108.141.38.47",
              "20.105.216.47"
            ],
            "outbound_ip_addresses": "98.64.209.158,98.64.209.190,98.64.210.11,98.64.210.43,98.64.210.55,98.64.210.81,108.141.37.13,108.141.37.163,108.141.39.78,108.141.38.44,108.141.38.45,108.141.38.47,20.105.216.47",
            "possible_outbound_ip_address_list": [
              "98.64.209.158",
              "98.64.209.190",
              "98.64.210.11",
              "98.64.210.43",
              "98.64.210.55",
              "98.64.210.81",
              "108.141.37.13",
              "108.141.37.163",
              "108.141.39.78",
              "108.141.38.44",
              "108.141.38.45",
              "108.141.38.47",
              "108.141.38.48",
              "108.141.204.89",
              "20.67.0.226",
              "20.67.1.42",
              "20.67.1.115",
              "98.64.209.61",
              "98.64.209.65",
              "98.64.209.67",
              "98.64.209.77",
              "98.64.209.101",
              "98.64.209.108",
              "98.64.209.132",
              "98.64.210.97",
              "98.64.210.104",
              "98.64.210.187",
              "98.64.210.194",
              "98.64.210.216",
              "98.64.210.238",
              "20.105.216.47"
            ],
            "possible_outbound_ip_addresses": "98.64.209.158,98.64.209.190,98.64.210.11,98.64.210.43,98.64.210.55,98.64.210.81,108.141.37.13,108.141.37.163,108.141.39.78,108.141.38.44,108.141.38.45,108.141.38.47,108.141.38.48,108.141.204.89,20.67.0.226,20.67.1.42,20.67.1.115,98.64.209.61,98.64.209.65,98.64.209.67,98.64.209.77,98.64.209.101,98.64.209.108,98.64.209.132,98.64.210.97,98.64.210.104,98.64.210.187,98.64.210.194,98.64.210.216,98.64.210.238,20.105.216.47",
            "public_network_access_enabled": true,
            "resource_group_name": "rg-microservices-app",
            "service_plan_id": "/subscriptions/fcb4f99a-310c-43e0-b2a8-ef1ab39df3a5/resourceGroups/rg-microservices-app/providers/Microsoft.Web/serverFarms/appserviceplan",
            "site_config": [
              {
                "always_on": true,
                "api_definition_url": "",
                "api_management_api_id": "",
                "app_command_line": "",
                "application_stack": [
                  {
                    "docker_image_name": "python-service:latest",
                    "docker_registry_password": "",
                    "docker_registry_url": "https://myacrregistry63737.azurecr.io",
                    "docker_registry_username": "",
                    "dotnet_version": "",
                    "go_version": "",
                    "java_server": "",
                    "java_server_version": "",
                    "java_version": "",
                    "node_version": "",
                    "php_version": "",
                    "python_version": "",
                    "ruby_version": ""
                  }
                ],
                "auto_heal_setting": [],
                "container_registry_managed_identity_client_id": "aa51c37f-4b3a-4cde-bbd1-e773a2ad34a3",
                "container_registry_use_managed_identity": true,
                "cors": [],
                "default_documents": [
                  "Default.htm",
                  "Default.html",
                  "Default.asp",
                  "index.htm",
                  "index.html",
                  "iisstart.htm",
                  "default.aspx",
                  "index.php",
                  "hostingstart.html"
                ],
                "detailed_error_logging_enabled": false,
                "ftps_state": "Disabled",
                "health_check_eviction_time_in_min": 0,
                "health_check_path": "",
                "http2_enabled": false,
                "ip_restriction": [],
                "ip_restriction_default_action": "Allow",
                "linux_fx_version": "DOCKER|myacrregistry63737.azurecr.io/python-service:latest",
                "load_balancing_mode": "LeastRequests",
                "local_mysql_enabled": false,
                "managed_pipeline_mode": "Integrated",
                "minimum_tls_version": "1.2",
                "remote_debugging_enabled": false,
                "remote_debugging_version": "VS2022",
                "scm_ip_restriction": [],
                "scm_ip_restriction_default_action": "Allow",
                "scm_minimum_tls_version": "1.2",
                "scm_type": "None",
                "scm_use_main_ip_restriction": false,
                "use_32_bit_worker": true,
                "vnet_route_all_enabled": false,
                "websockets_enabled": false,
                "worker_count": 1
              }
            ],
            "site_credential": [
              {
                "name": "$mon-app-python-63737",
                "password": "qeqP4qW2gGkpknajdvBRtrlLxlze8l86wQGKmgehQwgeqSLTtqgEofatDZhi"
              }
            ],
            "sticky_settings": [],
            "storage_account": [],
            "tags": {},
            "timeouts": null,
            "virtual_network_backup_restore_enabled": false,
            "virtual_network_subnet_id": "",
            "webdeploy_publish_basic_authentication_enabled": true,
            "zip_deploy_file": ""
          },
          "sensitive_attributes": [
            [
              {
                "type": "get_attr",
                "value": "custom_domain_verification_id"
              }
            ],
            [
              {
                "type": "get_attr",
                "value": "site_credential"
              }
            ],
            [
              {
                "type": "get_attr",
                "value": "site_config"
              },
              {
                "type": "index",
                "value": {
                  "value": 0,
                  "type": "number"
                }
              },
              {
                "type": "get_attr",
                "value": "application_stack"
              },
              {
                "type": "index",
                "value": {
                  "value": 0,
                  "type": "number"
                }
              },
              {
                "type": "get_attr",
                "value": "docker_registry_password"
              }
            ]
          ],
          "private": "eyJlMmJmYjczMC1lY2FhLTExZTYtOGY4OC0zNDM2M2JjN2M0YzAiOnsiY3JlYXRlIjoxODAwMDAwMDAwMDAwLCJkZWxldGUiOjE4MDAwMDAwMDAwMDAsInJlYWQiOjMwMDAwMDAwMDAwMCwidXBkYXRlIjoxODAwMDAwMDAwMDAwfSwic2NoZW1hX3ZlcnNpb24iOiIxIn0=",
          "dependencies": [
            "azurerm_container_registry.acr",
            "azurerm_resource_group.rg",
            "azurerm_service_plan.app_service_plan",
            "azurerm_user_assigned_identity.identity"
          ]
        }
      ]
    },
    {
      "mode": "managed",
      "type": "azurerm_resource_group",
      "name": "rg",
      "provider": "provider[\"registry.terraform.io/hashicorp/azurerm\"]",
      "instances": [
        {
          "schema_version": 0,
          "attributes": {
            "id": "/subscriptions/fcb4f99a-310c-43e0-b2a8-ef1ab39df3a5/resourceGroups/rg-microservices-app",
            "location": "westeurope",
            "managed_by": "",
            "name": "rg-microservices-app",
            "tags": {},
            "timeouts": null
          },
          "sensitive_attributes": [],
          "private": "eyJlMmJmYjczMC1lY2FhLTExZTYtOGY4OC0zNDM2M2JjN2M0YzAiOnsiY3JlYXRlIjo1NDAwMDAwMDAwMDAwLCJkZWxldGUiOjU0MDAwMDAwMDAwMDAsInJlYWQiOjMwMDAwMDAwMDAwMCwidXBkYXRlIjo1NDAwMDAwMDAwMDAwfX0="
        }
      ]
    },
    {
      "mode": "managed",
      "type": "azurerm_role_assignment",
      "name": "acr_pull",
      "provider": "provider[\"registry.terraform.io/hashicorp/azurerm\"]",
      "instances": [
        {
          "schema_version": 0,
          "attributes": {
            "condition": "",
            "condition_version": "",
            "delegated_managed_identity_resource_id": "",
            "description": "",
            "id": "/subscriptions/fcb4f99a-310c-43e0-b2a8-ef1ab39df3a5/resourceGroups/rg-microservices-app/providers/Microsoft.ContainerRegistry/registries/myacrregistry63737/providers/Microsoft.Authorization/roleAssignments/4a0eb507-bd80-5d51-3852-dfe803c5f229",
            "name": "4a0eb507-bd80-5d51-3852-dfe803c5f229",
            "principal_id": "c2567251-4488-414d-a578-5270bae26eea",
            "principal_type": "ServicePrincipal",
            "role_definition_id": "/subscriptions/fcb4f99a-310c-43e0-b2a8-ef1ab39df3a5/providers/Microsoft.Authorization/roleDefinitions/7f951dda-4ed3-4680-a7ca-43fe172d538d",
            "role_definition_name": "AcrPull",
            "scope": "/subscriptions/fcb4f99a-310c-43e0-b2a8-ef1ab39df3a5/resourceGroups/rg-microservices-app/providers/Microsoft.ContainerRegistry/registries/myacrregistry63737",
            "skip_service_principal_aad_check": null,
            "timeouts": null
          },
          "sensitive_attributes": [],
          "private": "eyJlMmJmYjczMC1lY2FhLTExZTYtOGY4OC0zNDM2M2JjN2M0YzAiOnsiY3JlYXRlIjoxODAwMDAwMDAwMDAwLCJkZWxldGUiOjE4MDAwMDAwMDAwMDAsInJlYWQiOjMwMDAwMDAwMDAwMH19",
          "dependencies": [
            "azurerm_container_registry.acr",
            "azurerm_resource_group.rg",
            "azurerm_user_assigned_identity.identity"
          ]
        }
      ]
    },
    {
      "mode": "managed",
      "type": "azurerm_service_plan",
      "name": "app_service_plan",
      "provider": "provider[\"registry.terraform.io/hashicorp/azurerm\"]",
      "instances": [
        {
          "schema_version": 1,
          "attributes": {
            "app_service_environment_id": "",
            "id": "/subscriptions/fcb4f99a-310c-43e0-b2a8-ef1ab39df3a5/resourceGroups/rg-microservices-app/providers/Microsoft.Web/serverFarms/appserviceplan",
            "kind": "linux",
            "location": "westeurope",
            "maximum_elastic_worker_count": 1,
            "name": "appserviceplan",
            "os_type": "Linux",
            "per_site_scaling_enabled": false,
            "premium_plan_auto_scale_enabled": false,
            "reserved": true,
            "resource_group_name": "rg-microservices-app",
            "sku_name": "B1",
            "tags": {},
            "timeouts": null,
            "worker_count": 1,
            "zone_balancing_enabled": false
          },
          "sensitive_attributes": [],
          "private": "eyJlMmJmYjczMC1lY2FhLTExZTYtOGY4OC0zNDM2M2JjN2M0YzAiOnsiY3JlYXRlIjozNjAwMDAwMDAwMDAwLCJkZWxldGUiOjM2MDAwMDAwMDAwMDAsInJlYWQiOjMwMDAwMDAwMDAwMCwidXBkYXRlIjozNjAwMDAwMDAwMDAwfSwic2NoZW1hX3ZlcnNpb24iOiIxIn0=",
          "dependencies": [
            "azurerm_resource_group.rg"
          ]
        }
      ]
    },
    {
      "mode": "managed",
      "type": "azurerm_user_assigned_identity",
      "name": "identity",
      "provider": "provider[\"registry.terraform.io/hashicorp/azurerm\"]",
      "instances": [
        {
          "schema_version": 1,
          "attributes": {
            "client_id": "aa51c37f-4b3a-4cde-bbd1-e773a2ad34a3",
            "id": "/subscriptions/fcb4f99a-310c-43e0-b2a8-ef1ab39df3a5/resourceGroups/rg-microservices-app/providers/Microsoft.ManagedIdentity/userAssignedIdentities/container-app-identity",
            "location": "westeurope",
            "name": "container-app-identity",
            "principal_id": "c2567251-4488-414d-a578-5270bae26eea",
            "resource_group_name": "rg-microservices-app",
            "tags": {},
            "tenant_id": "1028c7be-cb55-4d25-9e35-fb499070f658",
            "timeouts": null
          },
          "sensitive_attributes": [],
          "private": "eyJlMmJmYjczMC1lY2FhLTExZTYtOGY4OC0zNDM2M2JjN2M0YzAiOnsiY3JlYXRlIjoxODAwMDAwMDAwMDAwLCJkZWxldGUiOjE4MDAwMDAwMDAwMDAsInJlYWQiOjMwMDAwMDAwMDAwMCwidXBkYXRlIjoxODAwMDAwMDAwMDAwfSwic2NoZW1hX3ZlcnNpb24iOiIxIn0=",
          "dependencies": [
            "azurerm_resource_group.rg"
          ]
        }
      ]
    }
  ],
  "check_results": null
}
